{
  "name": "neutrino-contract",
  "version": "1.0.0",
  "lockfileVersion": 1,
  "requires": true,
  "dependencies": {
    "@types/base64-js": {
      "version": "1.2.5",
      "resolved": "https://registry.npmjs.org/@types/base64-js/-/base64-js-1.2.5.tgz",
      "integrity": "sha1-WCskdhaabLpGCiFNR2x0REHYc9U="
    },
    "@types/bignumber.js": {
      "version": "5.0.0",
      "resolved": "https://registry.npmjs.org/@types/bignumber.js/-/bignumber.js-5.0.0.tgz",
      "integrity": "sha512-0DH7aPGCClywOFaxxjE6UwpN2kQYe9LwuDQMv+zYA97j5GkOMo8e66LYT+a8JYU7jfmUFRZLa9KycxHDsKXJCA==",
      "requires": {
        "bignumber.js": "*"
      }
    },
    "@waves/bignumber": {
      "version": "0.0.1",
      "resolved": "https://registry.npmjs.org/@waves/bignumber/-/bignumber-0.0.1.tgz",
      "integrity": "sha512-+bQCa8fPCYdkLtwKsKtgbvDD7MzZTv6bc2ZpGMqn9uq+RjO8Qf4XSrs0DVhtWWhCHplkVIqOeS4bzgW1i3P7rw==",
      "requires": {
        "@types/bignumber.js": "^5.0.0",
        "bignumber.js": "^8.1.1"
      }
    },
    "@waves/marshall": {
      "version": "0.9.1",
      "resolved": "https://registry.npmjs.org/@waves/marshall/-/marshall-0.9.1.tgz",
      "integrity": "sha512-DWBUKDno7ahI4ogMtaTbXujF1j2RoIHK68Xi9ZTd1Tk1FwnSfHXjEnkRLJ7qoRwZibVYmrxiOPN0t+LNkueTnw==",
      "requires": {
        "@types/base64-js": "^1.2.5",
        "@waves/bignumber": "0.0.1",
        "@waves/parse-json-bignumber": "^1.0.1",
        "base64-js": "^1.3.0"
      }
    },
    "@waves/parse-json-bignumber": {
      "version": "1.0.1",
      "resolved": "https://registry.npmjs.org/@waves/parse-json-bignumber/-/parse-json-bignumber-1.0.1.tgz",
      "integrity": "sha512-cbjnqkhKBHKtzQCUsqwK4c3im90BTVdho7ZSM2nq7K5Z7al93qC/qp6Q7Ts2SMXGlGQFu4C2SzU7q62n2wmPEQ=="
    },
    "@waves/ride-js": {
      "version": "1.1.3",
      "resolved": "https://registry.npmjs.org/@waves/ride-js/-/ride-js-1.1.3.tgz",
      "integrity": "sha512-nvQ+w3V3i+BS5a73j+pBPnZ7tjdkIM5PYIjxPncA4XM4EO9YV2WjyPcJpbv5PVepyOWmABEyCQW4+DvwL5UBLg==",
      "requires": {
        "@waves/ts-lib-crypto": "^1.3.1",
        "axios": "^0.19.0"
      }
    },
    "@waves/ts-lib-crypto": {
      "version": "1.4.2",
      "resolved": "https://registry.npmjs.org/@waves/ts-lib-crypto/-/ts-lib-crypto-1.4.2.tgz",
      "integrity": "sha512-jRLN26IaqoEIMxvJtO5geOUc18A1JoSuH9wPuw8wfIBjMq8Mw7Y/k3zT+d99lKuaMED9IrDyGX5bdcxe8FFGsQ==",
      "requires": {
        "js-sha3": "^0.8.0",
        "node-forge": "^0.8.5"
      }
    },
    "@waves/waves-transactions": {
      "version": "3.24.0",
      "resolved": "https://registry.npmjs.org/@waves/waves-transactions/-/waves-transactions-3.24.0.tgz",
      "integrity": "sha512-wzDK1CeP3nGn2hzWT4Em4SDNt8T3nLq7U3qnEqj4yF3zMnsis2FAf76EWRQQ9KsuatNt7i40YIu6kclMfSBLcQ==",
      "requires": {
        "@waves/marshall": "^0.9.1",
        "@waves/ts-lib-crypto": "^1.4.1",
        "axios": "^0.19.0"
      }
    },
    "axios": {
      "version": "0.19.0",
      "resolved": "https://registry.npmjs.org/axios/-/axios-0.19.0.tgz",
      "integrity": "sha512-1uvKqKQta3KBxIz14F2v06AEHZ/dIoeKfbTRkK1E5oqjDnuEerLmYTgJB5AiQZHJcljpg1TuRzdjDR06qNk0DQ==",
      "requires": {
        "follow-redirects": "1.5.10",
        "is-buffer": "^2.0.2"
      }
    },
    "base64-js": {
      "version": "1.3.1",
      "resolved": "https://registry.npmjs.org/base64-js/-/base64-js-1.3.1.tgz",
      "integrity": "sha512-mLQ4i2QO1ytvGWFWmcngKO//JXAQueZvwEKtjgQFM4jIK0kU+ytMfplL8j+n5mspOfjHwoAg+9yhb7BwAHm36g=="
    },
    "bignumber.js": {
      "version": "8.1.1",
      "resolved": "https://registry.npmjs.org/bignumber.js/-/bignumber.js-8.1.1.tgz",
      "integrity": "sha512-QD46ppGintwPGuL1KqmwhR0O+N2cZUg8JG/VzwI2e28sM9TqHjQB10lI4QAaMHVbLzwVLLAwEglpKPViWX+5NQ=="
    },
    "debug": {
      "version": "3.1.0",
      "resolved": "https://registry.npmjs.org/debug/-/debug-3.1.0.tgz",
      "integrity": "sha512-OX8XqP7/1a9cqkxYw2yXss15f26NKWBpDXQd0/uK/KPqdQhxbPa994hnzjcE2VqQpDslf55723cKPUOGSmMY3g==",
      "requires": {
        "ms": "2.0.0"
      }
    },
    "follow-redirects": {
      "version": "1.5.10",
      "resolved": "https://registry.npmjs.org/follow-redirects/-/follow-redirects-1.5.10.tgz",
      "integrity": "sha512-0V5l4Cizzvqt5D44aTXbFZz+FtyXV1vrDN6qrelxtfYQKW0KO0W2T/hkE8xvGa/540LkZlkaUjO4ailYTFtHVQ==",
      "requires": {
        "debug": "=3.1.0"
      }
    },
    "is-buffer": {
      "version": "2.0.4",
      "resolved": "https://registry.npmjs.org/is-buffer/-/is-buffer-2.0.4.tgz",
      "integrity": "sha512-Kq1rokWXOPXWuaMAqZiJW4XxsmD9zGx9q4aePabbn3qCRGedtH7Cm+zV8WETitMfu1wdh+Rvd6w5egwSngUX2A=="
    },
    "js-sha3": {
      "version": "0.8.0",
      "resolved": "https://registry.npmjs.org/js-sha3/-/js-sha3-0.8.0.tgz",
      "integrity": "sha512-gF1cRrHhIzNfToc802P800N8PpXS+evLLXfsVpowqmAFR9uwbi89WvXg2QspOmXL8QL86J4T1EpFu+yUkwJY3Q=="
    },
    "ms": {
      "version": "2.0.0",
      "resolved": "https://registry.npmjs.org/ms/-/ms-2.0.0.tgz",
      "integrity": "sha1-VgiurfwAvmwpAd9fmGF4jeDVl8g="
    },
    "node-forge": {
      "version": "0.8.5",
      "resolved": "https://registry.npmjs.org/node-forge/-/node-forge-0.8.5.tgz",
      "integrity": "sha512-vFMQIWt+J/7FLNyKouZ9TazT74PRV3wgv9UT4cRjC8BffxFbKXkgIWR42URCPSnHm/QDz6BOlb2Q0U4+VQT67Q=="
    },
    "typescript": {
      "version": "3.7.3",
      "resolved": "https://registry.npmjs.org/typescript/-/typescript-3.7.3.tgz",
      "integrity": "sha512-Mcr/Qk7hXqFBXMN7p7Lusj1ktCBydylfQM/FZCk5glCNQJrCUKPkMHdo9R0MTFWsC/4kPFvDS0fDPvukfCkFsw=="
    }
  }
}
